github.com/go-telegram/bot v1.8.2 h1:Sb2acN6FktQvSmlePDg1g+yGAWplkgFTL9eRWI6Yzy4=
github.com/go-telegram/bot v1.8.2/go.mod h1:i2TRs7fXWIeaceF3z7KzsMt/he0TwkVC680mvdTFYeM=
github.com/go-telegram/bot v1.8.3 h1:qywnDX+dKAzelJqij8eqlsUbw8SaCAE86GA6bMqGxCM=
github.com/go-telegram/bot v1.8.3/go.mod h1:i2TRs7fXWIeaceF3z7KzsMt/he0TwkVC680mvdTFYeM=
github.com/go-telegram/ui v0.3.2 h1:KaSSYSz3Czs/yebwkkv5OOLnq7KwvL4q0uod20R4fC0=
github.com/go-telegram/ui v0.3.2/go.mod h1:QbZbHcP+Ge9T/vypsmkAzedtzLO1sobK4zEACDgRwJA=
github.com/go-telegram/ui v0.4.0 h1:j2L0QM+x7NkWOUlKu++OGkFDnuaiDvEU6wMpayUG7Tc=
github.com/go-telegram/ui v0.4.0/go.mod h1:Ze99WRnNvRNmZHgyhxH+mb8OhGnptFFsz0F6L2XQcIc=
github.com/joho/godotenv v1.5.1 h1:7eLL/+HRGLY0ldzfGMeQkb7vMd0as4CfYvUVzLqw0N0=
github.com/joho/godotenv v1.5.1/go.mod h1:f4LDr5Voq0i2e/R5DDNOoa2zzDfwtkZa6DnEwAbqwq4=
github.com/mattn/go-sqlite3 v1.14.24 h1:tpSp2G2KyMnnQu99ngJ47EIkWVmliIizyZBfPrBWDRM=
github.com/mattn/go-sqlite3 v1.14.24/go.mod h1:Uh1q+B4BYcTPb+yiD3kU8Ct7aC0hY9fxUwlHK0RXw+Y=
